// !$*UTF8*$!
{
	archiveVersion = 1;
	classes = {
	};
	objectVersion = 48;
	objects = {

/* Begin PBXBuildFile section */
		D471448A1F521DED005A8D18 /* AppDelegate.swift in Sources */ = {isa = PBXBuildFile; fileRef = D47144891F521DED005A8D18 /* AppDelegate.swift */; };
		D471448C1F521DED005A8D18 /* ViewController.swift in Sources */ = {isa = PBXBuildFile; fileRef = D471448B1F521DED005A8D18 /* ViewController.swift */; };
		D471448F1F521DED005A8D18 /* Main.storyboard in Resources */ = {isa = PBXBuildFile; fileRef = D471448D1F521DED005A8D18 /* Main.storyboard */; };
		D47144911F521DED005A8D18 /* Assets.xcassets in Resources */ = {isa = PBXBuildFile; fileRef = D47144901F521DED005A8D18 /* Assets.xcassets */; };
		D47144941F521DED005A8D18 /* LaunchScreen.storyboard in Resources */ = {isa = PBXBuildFile; fileRef = D47144921F521DED005A8D18 /* LaunchScreen.storyboard */; };
		D471449D1F5224E1005A8D18 /* BorderButton.swift in Sources */ = {isa = PBXBuildFile; fileRef = D471449C1F5224E1005A8D18 /* BorderButton.swift */; };
/* End PBXBuildFile section */

/* Begin PBXFileReference section */
		D47144861F521DED005A8D18 /* App-Swoosh.app */ = {isa = PBXFileReference; explicitFileType = wrapper.application; includeInIndex = 0; path = "App-Swoosh.app"; sourceTree = BUILT_PRODUCTS_DIR; };
		D47144891F521DED005A8D18 /* AppDelegate.swift */ = {isa = PBXFileReference; lastKnownFileType = sourcecode.swift; path = AppDelegate.swift; sourceTree = "<group>"; };
		D471448B1F521DED005A8D18 /* ViewController.swift */ = {isa = PBXFileReference; lastKnownFileType = sourcecode.swift; path = ViewController.swift; sourceTree = "<group>"; };
		D471448E1F521DED005A8D18 /* Base */ = {isa = PBXFileReference; lastKnownFileType = file.storyboard; name = Base; path = Base.lproj/Main.storyboard; sourceTree = "<group>"; };
		D47144901F521DED005A8D18 /* Assets.xcassets */ = {isa = PBXFileReference; lastKnownFileType = folder.assetcatalog; path = Assets.xcassets; sourceTree = "<group>"; };
		D47144931F521DED005A8D18 /* Base */ = {isa = PBXFileReference; lastKnownFileType = file.storyboard; name = Base; path = Base.lproj/LaunchScreen.storyboard; sourceTree = "<group>"; };
		D47144951F521DED005A8D18 /* Info.plist */ = {isa = PBXFileReference; lastKnownFileType = text.plist.xml; path = Info.plist; sourceTree = "<group>"; };
		D471449C1F5224E1005A8D18 /* BorderButton.swift */ = {isa = PBXFileReference; lastKnownFileType = sourcecode.swift; path = BorderButton.swift; sourceTree = "<group>"; };
/* End PBXFileReference section */

/* Begin PBXFrameworksBuildPhase section */
		D47144831F521DED005A8D18 /* Frameworks */ = {
			isa = PBXFrameworksBuildPhase;
			buildActionMask = 2147483647;
			files = (
			);
			runOnlyForDeploymentPostprocessing = 0;
		};
/* End PBXFrameworksBuildPhase section */

/* Begin PBXGroup section */
		D471447D1F521DED005A8D18 = {
			isa = PBXGroup;
			children = (
				D47144881F521DED005A8D18 /* App-Swoosh */,
				D47144871F521DED005A8D18 /* Products */,
			);
			sourceTree = "<group>";
		};
		D47144871F521DED005A8D18 /* Products */ = {
			isa = PBXGroup;
			children = (
				D47144861F521DED005A8D18 /* App-Swoosh.app */,
			);
			name = Products;
			sourceTree = "<group>";
		};
		D47144881F521DED005A8D18 /* App-Swoosh */ = {
			isa = PBXGroup;
			children = (
				D471449B1F522478005A8D18 /* Views */,
				D47144891F521DED005A8D18 /* AppDelegate.swift */,
				D471448B1F521DED005A8D18 /* ViewController.swift */,
				D471448D1F521DED005A8D18 /* Main.storyboard */,
				D47144901F521DED005A8D18 /* Assets.xcassets */,
				D47144921F521DED005A8D18 /* LaunchScreen.storyboard */,
				D47144951F521DED005A8D18 /* Info.plist */,
			);
			path = "App-Swoosh";
			sourceTree = "<group>";
		};
		D471449B1F522478005A8D18 /* Views */ = {
			isa = PBXGroup;
			children = (
				D471449C1F5224E1005A8D18 /* BorderButton.swift */,
			);
			path = Views;
			sourceTree = "<group>";
		};
/* End PBXGroup section */

/* Begin PBXNativeTarget section */
		D47144851F521DED005A8D18 /* App-Swoosh */ = {
			isa = PBXNativeTarget;
			buildConfigurationList = D47144981F521DED005A8D18 /* Build configuration list for PBXNativeTarget "App-Swoosh" */;
			buildPhases = (
				D47144821F521DED005A8D18 /* Sources */,
				D47144831F521DED005A8D18 /* Frameworks */,
				D47144841F521DED005A8D18 /* Resources */,
			);
			buildRules = (
			);
			dependencies = (
			);
			name = "App-Swoosh";
			productName = "App-Swoosh";
			productReference = D47144861F521DED005A8D18 /* App-Swoosh.app */;
			productType = "com.apple.product-type.application";
		};
/* End PBXNativeTarget section */

/* Begin PBXProject section */
		D471447E1F521DED005A8D18 /* Project object */ = {
			isa = PBXProject;
			attributes = {
				LastSwiftUpdateCheck = 0900;
				LastUpgradeCheck = 0900;
				ORGANIZATIONNAME = "Nikhil Subramanyam";
				TargetAttributes = {
					D47144851F521DED005A8D18 = {
						CreatedOnToolsVersion = 9.0;
					};
				};
			};
			buildConfigurationList = D47144811F521DED005A8D18 /* Build configuration list for PBXProject "App-Swoosh" */;
			compatibilityVersion = "Xcode 8.0";
			developmentRegion = en;
			hasScannedForEncodings = 0;
			knownRegions = (
				en,
				Base,
			);
			mainGroup = D471447D1F521DED005A8D18;
			productRefGroup = D47144871F521DED005A8D18 /* Products */;
			projectDirPath = "";
			projectRoot = "";
			targets = (
				D47144851F521DED005A8D18 /* App-Swoosh */,
			);
		};
/* End PBXProject section */

/* Begin PBXResourcesBuildPhase section */
		D47144841F521DED005A8D18 /* Resources */ = {
			isa = PBXResourcesBuildPhase;
			buildActionMask = 2147483647;
			files = (
				D47144941F521DED005A8D18 /* LaunchScreen.storyboard in Resources */,
				D47144911F521DED005A8D18 /* Assets.xcassets in Resources */,
				D471448F1F521DED005A8D18 /* Main.storyboard in Resources */,
			);
			runOnlyForDeploymentPostprocessing = 0;
		};
/* End PBXResourcesBuildPhase section */

/* Begin PBXSourcesBuildPhase section */
		D47144821F521DED005A8D18 /* Sources */ = {
			isa = PBXSourcesBuildPhase;
			buildActionMask = 2147483647;
			files = (
				D471448C1F521DED005A8D18 /* ViewController.swift in Sources */,
				D471448A1F521DED005A8D18 /* AppDelegate.swift in Sources */,
				D471449D1F5224E1005A8D18 /* BorderButton.swift in Sources */,
			);
			runOnlyForDeploymentPostprocessing = 0;
		};
/* End PBXSourcesBuildPhase section */

/* Begin PBXVariantGroup section */
		D471448D1F521DED005A8D18 /* Main.storyboard */ = {
			isa = PBXVariantGroup;
			children = (
				D471448E1F521DED005A8D18 /* Base */,
			);
			name = Main.storyboard;
			sourceTree = "<group>";
		};
		D47144921F521DED005A8D18 /* LaunchScreen.storyboard */ = {
			isa = PBXVariantGroup;
			children = (
				D47144931F521DED005A8D18 /* Base */,
			);
			name = LaunchScreen.storyboard;
			sourceTree = "<group>";
		};
/* End PBXVariantGroup section */

/* Begin XCBuildConfiguration section */
		D47144961F521DED005A8D18 /* Debug */ = {
			isa = XCBuildConfiguration;
			buildSettings = {
				ALWAYS_SEARCH_USER_PATHS = NO;
				CLANG_ANALYZER_NONNULL = YES;
				CLANG_ANALYZER_NUMBER_OBJECT_CONVERSION = YES_AGGRESSIVE;
				CLANG_CXX_LANGUAGE_STANDARD = "gnu++14";
				CLANG_CXX_LIBRARY = "libc++";
				CLANG_ENABLE_MODULES = YES;
				CLANG_ENABLE_OBJC_ARC = YES;
				CLANG_WARN_BLOCK_CAPTURE_AUTORELEASING = YES;
				CLANG_WARN_BOOL_CONVERSION = YES;
				CLANG_WARN_COMMA = YES;
				CLANG_WARN_CONSTANT_CONVERSION = YES;
				CLANG_WARN_DIRECT_OBJC_ISA_USAGE = YES_ERROR;
				CLANG_WARN_DOCUMENTATION_COMMENTS = YES;
				CLANG_WARN_EMPTY_BODY = YES;
				CLANG_WARN_ENUM_CONVERSION = YES;
				CLANG_WARN_INFINITE_RECURSION = YES;
				CLANG_WARN_INT_CONVERSION = YES;
				CLANG_WARN_NON_LITERAL_NULL_CONVERSION = YES;
				CLANG_WARN_OBJC_LITERAL_CONVERSION = YES;
				CLANG_WARN_OBJC_ROOT_CLASS = YES_ERROR;
				CLANG_WARN_RANGE_LOOP_ANALYSIS = YES;
				CLANG_WARN_STRICT_PROTOTYPES = YES;
				CLANG_WARN_SUSPICIOUS_MOVE = YES;
				CLANG_WARN_UNGUARDED_AVAILABILITY = YES_AGGRESSIVE;
				CLANG_WARN_UNREACHABLE_CODE = YES;
				CLANG_WARN__DUPLICATE_METHOD_MATCH = YES;
				CODE_SIGN_IDENTITY = "iPhone Developer";
				COPY_PHASE_STRIP = NO;
				DEBUG_INFORMATION_FORMAT = dwarf;
				ENABLE_STRICT_OBJC_MSGSEND = YES;
				ENABLE_TESTABILITY = YES;
				GCC_C_LANGUAGE_STANDARD = gnu11;
				GCC_DYNAMIC_NO_PIC = NO;
				GCC_NO_COMMON_BLOCKS = YES;
				GCC_OPTIMIZATION_LEVEL = 0;
				GCC_PREPROCESSOR_DEFINITIONS = (
					"DEBUG=1",
					"$(inherited)",
				);
				GCC_WARN_64_TO_32_BIT_CONVERSION = YES;
				GCC_WARN_ABOUT_RETURN_TYPE = YES_ERROR;
				GCC_WARN_UNDECLARED_SELECTOR = YES;
				GCC_WARN_UNINITIALIZED_AUTOS = YES_AGGRESSIVE;
				GCC_WARN_UNUSED_FUNCTION = YES;
				GCC_WARN_UNUSED_VARIABLE = YES;
				IPHONEOS_DEPLOYMENT_TARGET = 11.0;
				MTL_ENABLE_DEBUG_INFO = YES;
				ONLY_ACTIVE_ARCH = YES;
				SDKROOT = iphoneos;
				SWIFT_ACTIVE_COMPILATION_CONDITIONS = DEBUG;
				SWIFT_OPTIMIZATION_LEVEL = "-Onone";
			};
			name = Debug;
		};
		D47144971F521DED005A8D18 /* Release */ = {
			isa = XCBuildConfiguration;
			buildSettings = {
				ALWAYS_SEARCH_USER_PATHS = NO;
				CLANG_ANALYZER_NONNULL = YES;
				CLANG_ANALYZER_NUMBER_OBJECT_CONVERSION = YES_AGGRESSIVE;
				CLANG_CXX_LANGUAGE_STANDARD = "gnu++14";
				CLANG_CXX_LIBRARY = "libc++";
				CLANG_ENABLE_MODULES = YES;
				CLANG_ENABLE_OBJC_ARC = YES;
				CLANG_WARN_BLOCK_CAPTURE_AUTORELEASING = YES;
				CLANG_WARN_BOOL_CONVERSION = YES;
				CLANG_WARN_COMMA = YES;
				CLANG_WARN_CONSTANT_CONVERSION = YES;
				CLANG_WARN_DIRECT_OBJC_ISA_USAGE = YES_ERROR;
				CLANG_WARN_DOCUMENTATION_COMMENTS = YES;
				CLANG_WARN_EMPTY_BODY = YES;
				CLANG_WARN_ENUM_CONVERSION = YES;
				CLANG_WARN_INFINITE_RECURSION = YES;
				CLANG_WARN_INT_CONVERSION = YES;
				CLANG_WARN_NON_LITERAL_NULL_CONVERSION = YES;
				CLANG_WARN_OBJC_LITERAL_CONVERSION = YES;
				CLANG_WARN_OBJC_ROOT_CLASS = YES_ERROR;
				CLANG_WARN_RANGE_LOOP_ANALYSIS = YES;
				CLANG_WARN_STRICT_PROTOTYPES = YES;
				CLANG_WARN_SUSPICIOUS_MOVE = YES;
				CLANG_WARN_UNGUARDED_AVAILABILITY = YES_AGGRESSIVE;
				CLANG_WARN_UNREACHABLE_CODE = YES;
				CLANG_WARN__DUPLICATE_METHOD_MATCH = YES;
				CODE_SIGN_IDENTITY = "iPhone Developer";
				COPY_PHASE_STRIP = NO;
				DEBUG_INFORMATION_FORMAT = "dwarf-with-dsym";
				ENABLE_NS_ASSERTIONS = NO;
				ENABLE_STRICT_OBJC_MSGSEND = YES;
				GCC_C_LANGUAGE_STANDARD = gnu11;
				GCC_NO_COMMON_BLOCKS = YES;
				GCC_WARN_64_TO_32_BIT_CONVERSION = YES;
				GCC_WARN_ABOUT_RETURN_TYPE = YES_ERROR;
				GCC_WARN_UNDECLARED_SELECTOR = YES;
				GCC_WARN_UNINITIALIZED_AUTOS = YES_AGGRESSIVE;
				GCC_WARN_UNUSED_FUNCTION = YES;
				GCC_WARN_UNUSED_VARIABLE = YES;
				IPHONEOS_DEPLOYMENT_TARGET = 11.0;
				MTL_ENABLE_DEBUG_INFO = NO;
				SDKROOT = iphoneos;
				SWIFT_OPTIMIZATION_LEVEL = "-Owholemodule";
				VALIDATE_PRODUCT = YES;
			};
			name = Release;
		};
		D47144991F521DED005A8D18 /* Debug */ = {
			isa = XCBuildConfiguration;
			buildSettings = {
				ASSETCATALOG_COMPILER_APPICON_NAME = AppIcon;
				DEVELOPMENT_TEAM = 9868RMN5A2;
				INFOPLIST_FILE = "App-Swoosh/Info.plist";
				LD_RUNPATH_SEARCH_PATHS = "$(inherited) @executable_path/Frameworks";
				PRODUCT_BUNDLE_IDENTIFIER = "com.iOS.App-Swoosh";
				PRODUCT_NAME = "$(TARGET_NAME)";
				SWIFT_VERSION = 4.0;
				TARGETED_DEVICE_FAMILY = "1,2";
			};
			name = Debug;
		};
		D471449A1F521DED005A8D18 /* Release */ = {
			isa = XCBuildConfiguration;
			buildSettings = {
				ASSETCATALOG_COMPILER_APPICON_NAME = AppIcon;
				DEVELOPMENT_TEAM = 9868RMN5A2;
				INFOPLIST_FILE = "App-Swoosh/Info.plist";
				LD_RUNPATH_SEARCH_PATHS = "$(inherited) @executable_path/Frameworks";
				PRODUCT_BUNDLE_IDENTIFIER = "com.iOS.App-Swoosh";
				PRODUCT_NAME = "$(TARGET_NAME)";
				SWIFT_VERSION = 4.0;
				TARGETED_DEVICE_FAMILY = "1,2";
			};
			name = Release;
		};
/* End XCBuildConfiguration section */

/* Begin XCConfigurationList section */
		D47144811F521DED005A8D18 /* Build configuration list for PBXProject "App-Swoosh" */ = {
			isa = XCConfigurationList;
			buildConfigurations = (
				D47144961F521DED005A8D18 /* Debug */,
				D47144971F521DED005A8D18 /* Release */,
			);
			defaultConfigurationIsVisible = 0;
			defaultConfigurationName = Release;
		};
		D47144981F521DED005A8D18 /* Build configuration list for PBXNativeTarget "App-Swoosh" */ = {
			isa = XCConfigurationList;
			buildConfigurations = (
				D47144991F521DED005A8D18 /* Debug */,
				D471449A1F521DED005A8D18 /* Release */,
			);
			defaultConfigurationIsVisible = 0;
			defaultConfigurationName = Release;
		};
/* End XCConfigurationList section */
	};
	rootObject = D471447E1F521DED005A8D18 /* Project object */;
}
